
Microsoft Visual Studio Solution File, Format Version 12.00
# Visual Studio Version 17
VisualStudioVersion = 17.14.36301.6 d17.14
MinimumVisualStudioVersion = 10.0.40219.1
Project("{8BC9CEB8-8B4A-11D0-8D11-00A0C91BC942}") = "SFileExplorer", "SFileExplorer\SFileExplorer.vcxproj", "{77E02CFC-FC8C-4241-B7CC-0AC79DF0A99D}"
EndProject
Project("{8BC9CEB8-8B4A-11D0-8D11-00A0C91BC942}") = "Core", "Core\Core.vcxproj", "{9E2328CD-F3BA-4EB3-AE91-5C93D1DA1860}"
EndProject
Project("{2150E333-8FDC-42A3-9474-1A3956D46DE8}") = "Dependencies", "Dependencies", "{02EA681E-C7D8-13C7-8484-4AC65E1B71E8}"
EndProject
Project("{8BC9CEB8-8B4A-11D0-8D11-00A0C91BC942}") = "ImGui", "Dependencies\ImGui\ImGui.vcxproj", "{F1BCA77F-1937-4E27-9FBA-D16428677A50}"
EndProject
Project("{8BC9CEB8-8B4A-11D0-8D11-00A0C91BC942}") = "GLFW", "Dependencies\GLFW\GLFW.vcxproj", "{C9E0AC46-93F5-415D-BE80-CE9B28C8533E}"
EndProject
Global
	GlobalSection(SolutionConfigurationPlatforms) = preSolution
		Debug|x64 = Debug|x64
		Release|x64 = Release|x64
	EndGlobalSection
	GlobalSection(ProjectConfigurationPlatforms) = postSolution
		{77E02CFC-FC8C-4241-B7CC-0AC79DF0A99D}.Debug|x64.ActiveCfg = Debug|x64
		{77E02CFC-FC8C-4241-B7CC-0AC79DF0A99D}.Debug|x64.Build.0 = Debug|x64
		{77E02CFC-FC8C-4241-B7CC-0AC79DF0A99D}.Release|x64.ActiveCfg = Release|x64
		{77E02CFC-FC8C-4241-B7CC-0AC79DF0A99D}.Release|x64.Build.0 = Release|x64
		{9E2328CD-F3BA-4EB3-AE91-5C93D1DA1860}.Debug|x64.ActiveCfg = Debug|x64
		{9E2328CD-F3BA-4EB3-AE91-5C93D1DA1860}.Debug|x64.Build.0 = Debug|x64
		{9E2328CD-F3BA-4EB3-AE91-5C93D1DA1860}.Release|x64.ActiveCfg = Release|x64
		{9E2328CD-F3BA-4EB3-AE91-5C93D1DA1860}.Release|x64.Build.0 = Release|x64
		{F1BCA77F-1937-4E27-9FBA-D16428677A50}.Debug|x64.ActiveCfg = Debug|x64
		{F1BCA77F-1937-4E27-9FBA-D16428677A50}.Debug|x64.Build.0 = Debug|x64
		{F1BCA77F-1937-4E27-9FBA-D16428677A50}.Release|x64.ActiveCfg = Release|x64
		{F1BCA77F-1937-4E27-9FBA-D16428677A50}.Release|x64.Build.0 = Release|x64
		{C9E0AC46-93F5-415D-BE80-CE9B28C8533E}.Debug|x64.ActiveCfg = Debug|x64
		{C9E0AC46-93F5-415D-BE80-CE9B28C8533E}.Debug|x64.Build.0 = Debug|x64
		{C9E0AC46-93F5-415D-BE80-CE9B28C8533E}.Release|x64.ActiveCfg = Release|x64
		{C9E0AC46-93F5-415D-BE80-CE9B28C8533E}.Release|x64.Build.0 = Release|x64
	EndGlobalSection
	GlobalSection(SolutionProperties) = preSolution
		HideSolutionNode = FALSE
	EndGlobalSection
	GlobalSection(NestedProjects) = preSolution
		{F1BCA77F-1937-4E27-9FBA-D16428677A50} = {02EA681E-C7D8-13C7-8484-4AC65E1B71E8}
		{C9E0AC46-93F5-415D-BE80-CE9B28C8533E} = {02EA681E-C7D8-13C7-8484-4AC65E1B71E8}
	EndGlobalSection
	GlobalSection(ExtensibilityGlobals) = postSolution
		SolutionGuid = {61437FC2-0993-4892-8730-5E211EE7206D}
	EndGlobalSection
EndGlobal
